# THIS IS AN AUTOGENERATED FILE. DO NOT EDIT THIS FILE DIRECTLY.
# yarn lockfile v1


expressjs@^1.0.1:
  version "1.0.1"
  resolved "https://registry.yarnpkg.com/expressjs/-/expressjs-1.0.1.tgz#220328469a18df5ad615e2b7a0ce995f17fbaeef"
  integrity sha1-IgMoRpoY31rWFeK3oM6ZXxf7ru8=

typescript@^3.5.1:
  version "3.5.1"
  resolved "https://registry.yarnpkg.com/typescript/-/typescript-3.5.1.tgz#ba72a6a600b2158139c5dd8850f700e231464202"
  integrity sha512-64HkdiRv1yYZsSe4xC1WVgamNigVYjlssIoaH2HcZF0+ijsk5YK2g0G34w9wJkze8+5ow4STd22AynfO6ZYYLw==
